
Microsoft Visual Studio Solution File, Format Version 12.00
# Visual Studio Version 16
VisualStudioVersion = 16.0.30406.217
MinimumVisualStudioVersion = 10.0.40219.1
Project("{FAE04EC0-301F-11D3-BF4B-00C04F79EFBC}") = "PaymentContext.Domain", "PaymentContext.Domain\PaymentContext.Domain.csproj", "{A0F640E2-B1F1-49EF-B773-A06B9EB96833}"
EndProject
Project("{FAE04EC0-301F-11D3-BF4B-00C04F79EFBC}") = "PaymentContext.Shared", "PaymentContext.Shared\PaymentContext.Shared.csproj", "{10072AEE-A1B2-4579-8873-42C8CD5257A4}"
EndProject
Project("{FAE04EC0-301F-11D3-BF4B-00C04F79EFBC}") = "PaymentContext.Test", "PaymentContext.Test\PaymentContext.Test.csproj", "{B8102BFC-9649-44F2-967E-B9DB24E53C15}"
EndProject
Global
	GlobalSection(SolutionConfigurationPlatforms) = preSolution
		Debug|Any CPU = Debug|Any CPU
		Release|Any CPU = Release|Any CPU
	EndGlobalSection
	GlobalSection(ProjectConfigurationPlatforms) = postSolution
		{A0F640E2-B1F1-49EF-B773-A06B9EB96833}.Debug|Any CPU.ActiveCfg = Debug|Any CPU
		{A0F640E2-B1F1-49EF-B773-A06B9EB96833}.Debug|Any CPU.Build.0 = Debug|Any CPU
		{A0F640E2-B1F1-49EF-B773-A06B9EB96833}.Release|Any CPU.ActiveCfg = Release|Any CPU
		{A0F640E2-B1F1-49EF-B773-A06B9EB96833}.Release|Any CPU.Build.0 = Release|Any CPU
		{10072AEE-A1B2-4579-8873-42C8CD5257A4}.Debug|Any CPU.ActiveCfg = Debug|Any CPU
		{10072AEE-A1B2-4579-8873-42C8CD5257A4}.Debug|Any CPU.Build.0 = Debug|Any CPU
		{10072AEE-A1B2-4579-8873-42C8CD5257A4}.Release|Any CPU.ActiveCfg = Release|Any CPU
		{10072AEE-A1B2-4579-8873-42C8CD5257A4}.Release|Any CPU.Build.0 = Release|Any CPU
		{B8102BFC-9649-44F2-967E-B9DB24E53C15}.Debug|Any CPU.ActiveCfg = Debug|Any CPU
		{B8102BFC-9649-44F2-967E-B9DB24E53C15}.Debug|Any CPU.Build.0 = Debug|Any CPU
		{B8102BFC-9649-44F2-967E-B9DB24E53C15}.Release|Any CPU.ActiveCfg = Release|Any CPU
		{B8102BFC-9649-44F2-967E-B9DB24E53C15}.Release|Any CPU.Build.0 = Release|Any CPU
	EndGlobalSection
	GlobalSection(SolutionProperties) = preSolution
		HideSolutionNode = FALSE
	EndGlobalSection
	GlobalSection(ExtensibilityGlobals) = postSolution
		SolutionGuid = {B25FA512-8EC8-44E2-8E17-892BD924930D}
	EndGlobalSection
EndGlobal
